
Microsoft Visual Studio Solution File, Format Version 12.00
# Visual Studio Version 16
VisualStudioVersion = 16.0.31702.278
MinimumVisualStudioVersion = 10.0.40219.1
Project("{FAE04EC0-301F-11D3-BF4B-00C04F79EFBC}") = "GameOfLife", "GameOfLife\GameOfLife.csproj", "{53F2404A-FC7A-481C-BF65-E203AB8B8903}"
EndProject
Global
	GlobalSection(SolutionConfigurationPlatforms) = preSolution
		Debug|Any CPU = Debug|Any CPU
		Release|Any CPU = Release|Any CPU
	EndGlobalSection
	GlobalSection(ProjectConfigurationPlatforms) = postSolution
		{53F2404A-FC7A-481C-BF65-E203AB8B8903}.Debug|Any CPU.ActiveCfg = Debug|Any CPU
		{53F2404A-FC7A-481C-BF65-E203AB8B8903}.Debug|Any CPU.Build.0 = Debug|Any CPU
		{53F2404A-FC7A-481C-BF65-E203AB8B8903}.Release|Any CPU.ActiveCfg = Release|Any CPU
		{53F2404A-FC7A-481C-BF65-E203AB8B8903}.Release|Any CPU.Build.0 = Release|Any CPU
	EndGlobalSection
	GlobalSection(SolutionProperties) = preSolution
		HideSolutionNode = FALSE
	EndGlobalSection
	GlobalSection(ExtensibilityGlobals) = postSolution
		SolutionGuid = {2F1EAAE9-E981-4938-9325-5487B9C50EE6}
	EndGlobalSection
EndGlobal
